
Microsoft Visual Studio Solution File, Format Version 12.00
# Visual Studio Version 17
VisualStudioVersion = 17.0.32014.148
MinimumVisualStudioVersion = 10.0.40219.1
Project("{FAE04EC0-301F-11D3-BF4B-00C04F79EFBC}") = "Projeto", "Projeto\Projeto.csproj", "{C57D16FA-8C0C-45E1-8CC4-3C5687B98655}"
EndProject
Global
	GlobalSection(SolutionConfigurationPlatforms) = preSolution
		Debug|Any CPU = Debug|Any CPU
		Release|Any CPU = Release|Any CPU
	EndGlobalSection
	GlobalSection(ProjectConfigurationPlatforms) = postSolution
		{C57D16FA-8C0C-45E1-8CC4-3C5687B98655}.Debug|Any CPU.ActiveCfg = Debug|Any CPU
		{C57D16FA-8C0C-45E1-8CC4-3C5687B98655}.Debug|Any CPU.Build.0 = Debug|Any CPU
		{C57D16FA-8C0C-45E1-8CC4-3C5687B98655}.Release|Any CPU.ActiveCfg = Release|Any CPU
		{C57D16FA-8C0C-45E1-8CC4-3C5687B98655}.Release|Any CPU.Build.0 = Release|Any CPU
	EndGlobalSection
	GlobalSection(SolutionProperties) = preSolution
		HideSolutionNode = FALSE
	EndGlobalSection
	GlobalSection(ExtensibilityGlobals) = postSolution
		SolutionGuid = {63EDD8C0-50C8-46D2-A477-A53EB74938CE}
	EndGlobalSection
EndGlobal
